
Microsoft Visual Studio Solution File, Format Version 12.00
# Visual Studio 15
VisualStudioVersion = 15.0.27703.2042
MinimumVisualStudioVersion = 10.0.40219.1
Project("{FAE04EC0-301F-11D3-BF4B-00C04F79EFBC}") = "Vidly", "Vidly\Vidly.csproj", "{54FE1D92-857D-4B2D-8062-AFE09194C5F3}"
EndProject
Global
	GlobalSection(SolutionConfigurationPlatforms) = preSolution
		Debug|Any CPU = Debug|Any CPU
		Release|Any CPU = Release|Any CPU
	EndGlobalSection
	GlobalSection(ProjectConfigurationPlatforms) = postSolution
		{54FE1D92-857D-4B2D-8062-AFE09194C5F3}.Debug|Any CPU.ActiveCfg = Debug|Any CPU
		{54FE1D92-857D-4B2D-8062-AFE09194C5F3}.Debug|Any CPU.Build.0 = Debug|Any CPU
		{54FE1D92-857D-4B2D-8062-AFE09194C5F3}.Release|Any CPU.ActiveCfg = Release|Any CPU
		{54FE1D92-857D-4B2D-8062-AFE09194C5F3}.Release|Any CPU.Build.0 = Release|Any CPU
	EndGlobalSection
	GlobalSection(SolutionProperties) = preSolution
		HideSolutionNode = FALSE
	EndGlobalSection
	GlobalSection(ExtensibilityGlobals) = postSolution
		SolutionGuid = {CFDFA8D2-7E3F-40E7-B6DE-503A8D91B5F6}
	EndGlobalSection
EndGlobal
